
Microsoft Visual Studio Solution File, Format Version 12.00
# Visual Studio Version 16
VisualStudioVersion = 16.0.30014.187
MinimumVisualStudioVersion = 10.0.40219.1
Project("{FAE04EC0-301F-11D3-BF4B-00C04F79EFBC}") = "Project01", "Project01\Project01.csproj", "{786F0857-8F0D-4A16-A300-B55B5AEE2A18}"
EndProject
Global
	GlobalSection(SolutionConfigurationPlatforms) = preSolution
		Debug|Any CPU = Debug|Any CPU
		Release|Any CPU = Release|Any CPU
	EndGlobalSection
	GlobalSection(ProjectConfigurationPlatforms) = postSolution
		{786F0857-8F0D-4A16-A300-B55B5AEE2A18}.Debug|Any CPU.ActiveCfg = Debug|Any CPU
		{786F0857-8F0D-4A16-A300-B55B5AEE2A18}.Debug|Any CPU.Build.0 = Debug|Any CPU
		{786F0857-8F0D-4A16-A300-B55B5AEE2A18}.Release|Any CPU.ActiveCfg = Release|Any CPU
		{786F0857-8F0D-4A16-A300-B55B5AEE2A18}.Release|Any CPU.Build.0 = Release|Any CPU
	EndGlobalSection
	GlobalSection(SolutionProperties) = preSolution
		HideSolutionNode = FALSE
	EndGlobalSection
	GlobalSection(ExtensibilityGlobals) = postSolution
		SolutionGuid = {F11278C5-0404-41CA-8449-F028FAC342F2}
	EndGlobalSection
EndGlobal
